// !$*UTF8*$!
{
	archiveVersion = 1;
	classes = {
	};
	objectVersion = 46;
	objects = {

/* Begin PBXBuildFile section */
		786606911D09E67800837927 /* AppDelegate.swift in Sources */ = {isa = PBXBuildFile; fileRef = 786606901D09E67800837927 /* AppDelegate.swift */; };
		786606931D09E67800837927 /* ViewController.swift in Sources */ = {isa = PBXBuildFile; fileRef = 786606921D09E67800837927 /* ViewController.swift */; };
		786606961D09E67800837927 /* Main.storyboard in Resources */ = {isa = PBXBuildFile; fileRef = 786606941D09E67800837927 /* Main.storyboard */; };
		786606981D09E67800837927 /* Assets.xcassets in Resources */ = {isa = PBXBuildFile; fileRef = 786606971D09E67800837927 /* Assets.xcassets */; };
		7866069B1D09E67800837927 /* LaunchScreen.storyboard in Resources */ = {isa = PBXBuildFile; fileRef = 786606991D09E67800837927 /* LaunchScreen.storyboard */; };
		786606AD1D09E76D00837927 /* AccessDenied.wav in Resources */ = {isa = PBXBuildFile; fileRef = 786606A21D09E76D00837927 /* AccessDenied.wav */; };
		786606AE1D09E76D00837927 /* AccessGranted.wav in Resources */ = {isa = PBXBuildFile; fileRef = 786606A31D09E76D00837927 /* AccessGranted.wav */; };
		786606AF1D09E76D00837927 /* DateFormatter.swift in Sources */ = {isa = PBXBuildFile; fileRef = 786606A41D09E76D00837927 /* DateFormatter.swift */; };
		786606B01D09E76D00837927 /* Employee.swift in Sources */ = {isa = PBXBuildFile; fileRef = 786606A51D09E76D00837927 /* Employee.swift */; };
		786606B11D09E76D00837927 /* EntrantType.swift in Sources */ = {isa = PBXBuildFile; fileRef = 786606A61D09E76D00837927 /* EntrantType.swift */; };
		786606B21D09E76D00837927 /* Guest.swift in Sources */ = {isa = PBXBuildFile; fileRef = 786606A71D09E76D00837927 /* Guest.swift */; };
		786606B31D09E76D00837927 /* Kiosk.swift in Sources */ = {isa = PBXBuildFile; fileRef = 786606A81D09E76D00837927 /* Kiosk.swift */; };
		786606B41D09E76D00837927 /* Manager.swift in Sources */ = {isa = PBXBuildFile; fileRef = 786606A91D09E76D00837927 /* Manager.swift */; };
		786606B51D09E76D00837927 /* ParkError.swift in Sources */ = {isa = PBXBuildFile; fileRef = 786606AA1D09E76D00837927 /* ParkError.swift */; };
		786606B61D09E76D00837927 /* Pass.swift in Sources */ = {isa = PBXBuildFile; fileRef = 786606AB1D09E76D00837927 /* Pass.swift */; };
		786606B71D09E76D00837927 /* Sound.swift in Sources */ = {isa = PBXBuildFile; fileRef = 786606AC1D09E76D00837927 /* Sound.swift */; };
		78EC24A31D0C605600A7AA49 /* Vendor.swift in Sources */ = {isa = PBXBuildFile; fileRef = 78EC24A21D0C605600A7AA49 /* Vendor.swift */; };
/* End PBXBuildFile section */

/* Begin PBXFileReference section */
		7866068D1D09E67800837927 /* Park Pass.app */ = {isa = PBXFileReference; explicitFileType = wrapper.application; includeInIndex = 0; path = "Park Pass.app"; sourceTree = BUILT_PRODUCTS_DIR; };
		786606901D09E67800837927 /* AppDelegate.swift */ = {isa = PBXFileReference; lastKnownFileType = sourcecode.swift; path = AppDelegate.swift; sourceTree = "<group>"; };
		786606921D09E67800837927 /* ViewController.swift */ = {isa = PBXFileReference; lastKnownFileType = sourcecode.swift; path = ViewController.swift; sourceTree = "<group>"; };
		786606951D09E67800837927 /* Base */ = {isa = PBXFileReference; lastKnownFileType = file.storyboard; name = Base; path = Base.lproj/Main.storyboard; sourceTree = "<group>"; };
		786606971D09E67800837927 /* Assets.xcassets */ = {isa = PBXFileReference; lastKnownFileType = folder.assetcatalog; path = Assets.xcassets; sourceTree = "<group>"; };
		7866069A1D09E67800837927 /* Base */ = {isa = PBXFileReference; lastKnownFileType = file.storyboard; name = Base; path = Base.lproj/LaunchScreen.storyboard; sourceTree = "<group>"; };
		7866069C1D09E67800837927 /* Info.plist */ = {isa = PBXFileReference; lastKnownFileType = text.plist.xml; path = Info.plist; sourceTree = "<group>"; };
		786606A21D09E76D00837927 /* AccessDenied.wav */ = {isa = PBXFileReference; lastKnownFileType = audio.wav; path = AccessDenied.wav; sourceTree = "<group>"; };
		786606A31D09E76D00837927 /* AccessGranted.wav */ = {isa = PBXFileReference; lastKnownFileType = audio.wav; path = AccessGranted.wav; sourceTree = "<group>"; };
		786606A41D09E76D00837927 /* DateFormatter.swift */ = {isa = PBXFileReference; fileEncoding = 4; lastKnownFileType = sourcecode.swift; path = DateFormatter.swift; sourceTree = "<group>"; };
		786606A51D09E76D00837927 /* Employee.swift */ = {isa = PBXFileReference; fileEncoding = 4; lastKnownFileType = sourcecode.swift; path = Employee.swift; sourceTree = "<group>"; };
		786606A61D09E76D00837927 /* EntrantType.swift */ = {isa = PBXFileReference; fileEncoding = 4; lastKnownFileType = sourcecode.swift; path = EntrantType.swift; sourceTree = "<group>"; };
		786606A71D09E76D00837927 /* Guest.swift */ = {isa = PBXFileReference; fileEncoding = 4; lastKnownFileType = sourcecode.swift; path = Guest.swift; sourceTree = "<group>"; };
		786606A81D09E76D00837927 /* Kiosk.swift */ = {isa = PBXFileReference; fileEncoding = 4; lastKnownFileType = sourcecode.swift; path = Kiosk.swift; sourceTree = "<group>"; };
		786606A91D09E76D00837927 /* Manager.swift */ = {isa = PBXFileReference; fileEncoding = 4; lastKnownFileType = sourcecode.swift; path = Manager.swift; sourceTree = "<group>"; };
		786606AA1D09E76D00837927 /* ParkError.swift */ = {isa = PBXFileReference; fileEncoding = 4; lastKnownFileType = sourcecode.swift; path = ParkError.swift; sourceTree = "<group>"; };
		786606AB1D09E76D00837927 /* Pass.swift */ = {isa = PBXFileReference; fileEncoding = 4; lastKnownFileType = sourcecode.swift; path = Pass.swift; sourceTree = "<group>"; };
		786606AC1D09E76D00837927 /* Sound.swift */ = {isa = PBXFileReference; fileEncoding = 4; lastKnownFileType = sourcecode.swift; path = Sound.swift; sourceTree = "<group>"; };
		78EC24A21D0C605600A7AA49 /* Vendor.swift */ = {isa = PBXFileReference; fileEncoding = 4; lastKnownFileType = sourcecode.swift; path = Vendor.swift; sourceTree = "<group>"; };
/* End PBXFileReference section */

/* Begin PBXFrameworksBuildPhase section */
		7866068A1D09E67800837927 /* Frameworks */ = {
			isa = PBXFrameworksBuildPhase;
			buildActionMask = 2147483647;
			files = (
			);
			runOnlyForDeploymentPostprocessing = 0;
		};
/* End PBXFrameworksBuildPhase section */

/* Begin PBXGroup section */
		786606841D09E67800837927 = {
			isa = PBXGroup;
			children = (
				7866068F1D09E67800837927 /* Park Pass */,
				7866068E1D09E67800837927 /* Products */,
			);
			sourceTree = "<group>";
		};
		7866068E1D09E67800837927 /* Products */ = {
			isa = PBXGroup;
			children = (
				7866068D1D09E67800837927 /* Park Pass.app */,
			);
			name = Products;
			sourceTree = "<group>";
		};
		7866068F1D09E67800837927 /* Park Pass */ = {
			isa = PBXGroup;
			children = (
				786606901D09E67800837927 /* AppDelegate.swift */,
				786606921D09E67800837927 /* ViewController.swift */,
				786606A61D09E76D00837927 /* EntrantType.swift */,
				786606A71D09E76D00837927 /* Guest.swift */,
				786606A51D09E76D00837927 /* Employee.swift */,
				786606A91D09E76D00837927 /* Manager.swift */,
				78EC24A21D0C605600A7AA49 /* Vendor.swift */,
				786606A81D09E76D00837927 /* Kiosk.swift */,
				786606AB1D09E76D00837927 /* Pass.swift */,
				786606AA1D09E76D00837927 /* ParkError.swift */,
				786606AC1D09E76D00837927 /* Sound.swift */,
				786606A41D09E76D00837927 /* DateFormatter.swift */,
				786606941D09E67800837927 /* Main.storyboard */,
				786606971D09E67800837927 /* Assets.xcassets */,
				786606991D09E67800837927 /* LaunchScreen.storyboard */,
				7866069C1D09E67800837927 /* Info.plist */,
				786606B81D09E77A00837927 /* Sound files */,
			);
			path = "Park Pass";
			sourceTree = "<group>";
		};
		786606B81D09E77A00837927 /* Sound files */ = {
			isa = PBXGroup;
			children = (
				786606A21D09E76D00837927 /* AccessDenied.wav */,
				786606A31D09E76D00837927 /* AccessGranted.wav */,
			);
			name = "Sound files";
			sourceTree = "<group>";
		};
/* End PBXGroup section */

/* Begin PBXNativeTarget section */
		7866068C1D09E67800837927 /* Park Pass */ = {
			isa = PBXNativeTarget;
			buildConfigurationList = 7866069F1D09E67800837927 /* Build configuration list for PBXNativeTarget "Park Pass" */;
			buildPhases = (
				786606891D09E67800837927 /* Sources */,
				7866068A1D09E67800837927 /* Frameworks */,
				7866068B1D09E67800837927 /* Resources */,
			);
			buildRules = (
			);
			dependencies = (
			);
			name = "Park Pass";
			productName = "Park Pass";
			productReference = 7866068D1D09E67800837927 /* Park Pass.app */;
			productType = "com.apple.product-type.application";
		};
/* End PBXNativeTarget section */

/* Begin PBXProject section */
		786606851D09E67800837927 /* Project object */ = {
			isa = PBXProject;
			attributes = {
				LastSwiftUpdateCheck = 0730;
				LastUpgradeCheck = 0730;
				ORGANIZATIONNAME = "Dennis Parussini";
				TargetAttributes = {
					7866068C1D09E67800837927 = {
						CreatedOnToolsVersion = 7.3.1;
					};
				};
			};
			buildConfigurationList = 786606881D09E67800837927 /* Build configuration list for PBXProject "Park Pass" */;
			compatibilityVersion = "Xcode 3.2";
			developmentRegion = English;
			hasScannedForEncodings = 0;
			knownRegions = (
				en,
				Base,
			);
			mainGroup = 786606841D09E67800837927;
			productRefGroup = 7866068E1D09E67800837927 /* Products */;
			projectDirPath = "";
			projectRoot = "";
			targets = (
				7866068C1D09E67800837927 /* Park Pass */,
			);
		};
/* End PBXProject section */

/* Begin PBXResourcesBuildPhase section */
		7866068B1D09E67800837927 /* Resources */ = {
			isa = PBXResourcesBuildPhase;
			buildActionMask = 2147483647;
			files = (
				7866069B1D09E67800837927 /* LaunchScreen.storyboard in Resources */,
				786606AE1D09E76D00837927 /* AccessGranted.wav in Resources */,
				786606981D09E67800837927 /* Assets.xcassets in Resources */,
				786606961D09E67800837927 /* Main.storyboard in Resources */,
				786606AD1D09E76D00837927 /* AccessDenied.wav in Resources */,
			);
			runOnlyForDeploymentPostprocessing = 0;
		};
/* End PBXResourcesBuildPhase section */

/* Begin PBXSourcesBuildPhase section */
		786606891D09E67800837927 /* Sources */ = {
			isa = PBXSourcesBuildPhase;
			buildActionMask = 2147483647;
			files = (
				786606B11D09E76D00837927 /* EntrantType.swift in Sources */,
				786606B71D09E76D00837927 /* Sound.swift in Sources */,
				786606AF1D09E76D00837927 /* DateFormatter.swift in Sources */,
				786606B21D09E76D00837927 /* Guest.swift in Sources */,
				786606B41D09E76D00837927 /* Manager.swift in Sources */,
				786606B31D09E76D00837927 /* Kiosk.swift in Sources */,
				786606B51D09E76D00837927 /* ParkError.swift in Sources */,
				786606B01D09E76D00837927 /* Employee.swift in Sources */,
				786606931D09E67800837927 /* ViewController.swift in Sources */,
				78EC24A31D0C605600A7AA49 /* Vendor.swift in Sources */,
				786606B61D09E76D00837927 /* Pass.swift in Sources */,
				786606911D09E67800837927 /* AppDelegate.swift in Sources */,
			);
			runOnlyForDeploymentPostprocessing = 0;
		};
/* End PBXSourcesBuildPhase section */

/* Begin PBXVariantGroup section */
		786606941D09E67800837927 /* Main.storyboard */ = {
			isa = PBXVariantGroup;
			children = (
				786606951D09E67800837927 /* Base */,
			);
			name = Main.storyboard;
			sourceTree = "<group>";
		};
		786606991D09E67800837927 /* LaunchScreen.storyboard */ = {
			isa = PBXVariantGroup;
			children = (
				7866069A1D09E67800837927 /* Base */,
			);
			name = LaunchScreen.storyboard;
			sourceTree = "<group>";
		};
/* End PBXVariantGroup section */

/* Begin XCBuildConfiguration section */
		7866069D1D09E67800837927 /* Debug */ = {
			isa = XCBuildConfiguration;
			buildSettings = {
				ALWAYS_SEARCH_USER_PATHS = NO;
				CLANG_ANALYZER_NONNULL = YES;
				CLANG_CXX_LANGUAGE_STANDARD = "gnu++0x";
				CLANG_CXX_LIBRARY = "libc++";
				CLANG_ENABLE_MODULES = YES;
				CLANG_ENABLE_OBJC_ARC = YES;
				CLANG_WARN_BOOL_CONVERSION = YES;
				CLANG_WARN_CONSTANT_CONVERSION = YES;
				CLANG_WARN_DIRECT_OBJC_ISA_USAGE = YES_ERROR;
				CLANG_WARN_EMPTY_BODY = YES;
				CLANG_WARN_ENUM_CONVERSION = YES;
				CLANG_WARN_INT_CONVERSION = YES;
				CLANG_WARN_OBJC_ROOT_CLASS = YES_ERROR;
				CLANG_WARN_UNREACHABLE_CODE = YES;
				CLANG_WARN__DUPLICATE_METHOD_MATCH = YES;
				"CODE_SIGN_IDENTITY[sdk=iphoneos*]" = "iPhone Developer";
				COPY_PHASE_STRIP = NO;
				DEBUG_INFORMATION_FORMAT = dwarf;
				ENABLE_STRICT_OBJC_MSGSEND = YES;
				ENABLE_TESTABILITY = YES;
				GCC_C_LANGUAGE_STANDARD = gnu99;
				GCC_DYNAMIC_NO_PIC = NO;
				GCC_NO_COMMON_BLOCKS = YES;
				GCC_OPTIMIZATION_LEVEL = 0;
				GCC_PREPROCESSOR_DEFINITIONS = (
					"DEBUG=1",
					"$(inherited)",
				);
				GCC_WARN_64_TO_32_BIT_CONVERSION = YES;
				GCC_WARN_ABOUT_RETURN_TYPE = YES_ERROR;
				GCC_WARN_UNDECLARED_SELECTOR = YES;
				GCC_WARN_UNINITIALIZED_AUTOS = YES_AGGRESSIVE;
				GCC_WARN_UNUSED_FUNCTION = YES;
				GCC_WARN_UNUSED_VARIABLE = YES;
				IPHONEOS_DEPLOYMENT_TARGET = 9.3;
				MTL_ENABLE_DEBUG_INFO = YES;
				ONLY_ACTIVE_ARCH = YES;
				SDKROOT = iphoneos;
				SWIFT_OPTIMIZATION_LEVEL = "-Onone";
				TARGETED_DEVICE_FAMILY = 2;
			};
			name = Debug;
		};
		7866069E1D09E67800837927 /* Release */ = {
			isa = XCBuildConfiguration;
			buildSettings = {
				ALWAYS_SEARCH_USER_PATHS = NO;
				CLANG_ANALYZER_NONNULL = YES;
				CLANG_CXX_LANGUAGE_STANDARD = "gnu++0x";
				CLANG_CXX_LIBRARY = "libc++";
				CLANG_ENABLE_MODULES = YES;
				CLANG_ENABLE_OBJC_ARC = YES;
				CLANG_WARN_BOOL_CONVERSION = YES;
				CLANG_WARN_CONSTANT_CONVERSION = YES;
				CLANG_WARN_DIRECT_OBJC_ISA_USAGE = YES_ERROR;
				CLANG_WARN_EMPTY_BODY = YES;
				CLANG_WARN_ENUM_CONVERSION = YES;
				CLANG_WARN_INT_CONVERSION = YES;
				CLANG_WARN_OBJC_ROOT_CLASS = YES_ERROR;
				CLANG_WARN_UNREACHABLE_CODE = YES;
				CLANG_WARN__DUPLICATE_METHOD_MATCH = YES;
				"CODE_SIGN_IDENTITY[sdk=iphoneos*]" = "iPhone Developer";
				COPY_PHASE_STRIP = NO;
				DEBUG_INFORMATION_FORMAT = "dwarf-with-dsym";
				ENABLE_NS_ASSERTIONS = NO;
				ENABLE_STRICT_OBJC_MSGSEND = YES;
				GCC_C_LANGUAGE_STANDARD = gnu99;
				GCC_NO_COMMON_BLOCKS = YES;
				GCC_WARN_64_TO_32_BIT_CONVERSION = YES;
				GCC_WARN_ABOUT_RETURN_TYPE = YES_ERROR;
				GCC_WARN_UNDECLARED_SELECTOR = YES;
				GCC_WARN_UNINITIALIZED_AUTOS = YES_AGGRESSIVE;
				GCC_WARN_UNUSED_FUNCTION = YES;
				GCC_WARN_UNUSED_VARIABLE = YES;
				IPHONEOS_DEPLOYMENT_TARGET = 9.3;
				MTL_ENABLE_DEBUG_INFO = NO;
				SDKROOT = iphoneos;
				TARGETED_DEVICE_FAMILY = 2;
				VALIDATE_PRODUCT = YES;
			};
			name = Release;
		};
		786606A01D09E67800837927 /* Debug */ = {
			isa = XCBuildConfiguration;
			buildSettings = {
				ASSETCATALOG_COMPILER_APPICON_NAME = AppIcon;
				INFOPLIST_FILE = "Park Pass/Info.plist";
				LD_RUNPATH_SEARCH_PATHS = "$(inherited) @executable_path/Frameworks";
				PRODUCT_BUNDLE_IDENTIFIER = "me.thedan84.Park-Pass";
				PRODUCT_NAME = "$(TARGET_NAME)";
			};
			name = Debug;
		};
		786606A11D09E67800837927 /* Release */ = {
			isa = XCBuildConfiguration;
			buildSettings = {
				ASSETCATALOG_COMPILER_APPICON_NAME = AppIcon;
				INFOPLIST_FILE = "Park Pass/Info.plist";
				LD_RUNPATH_SEARCH_PATHS = "$(inherited) @executable_path/Frameworks";
				PRODUCT_BUNDLE_IDENTIFIER = "me.thedan84.Park-Pass";
				PRODUCT_NAME = "$(TARGET_NAME)";
			};
			name = Release;
		};
/* End XCBuildConfiguration section */

/* Begin XCConfigurationList section */
		786606881D09E67800837927 /* Build configuration list for PBXProject "Park Pass" */ = {
			isa = XCConfigurationList;
			buildConfigurations = (
				7866069D1D09E67800837927 /* Debug */,
				7866069E1D09E67800837927 /* Release */,
			);
			defaultConfigurationIsVisible = 0;
			defaultConfigurationName = Release;
		};
		7866069F1D09E67800837927 /* Build configuration list for PBXNativeTarget "Park Pass" */ = {
			isa = XCConfigurationList;
			buildConfigurations = (
				786606A01D09E67800837927 /* Debug */,
				786606A11D09E67800837927 /* Release */,
			);
			defaultConfigurationIsVisible = 0;
			defaultConfigurationName = Release;
		};
/* End XCConfigurationList section */
	};
	rootObject = 786606851D09E67800837927 /* Project object */;
}
